
Microsoft Visual Studio Solution File, Format Version 12.00
# Visual Studio Version 17
VisualStudioVersion = 17.6.33829.357
MinimumVisualStudioVersion = 10.0.40219.1
Project("{FAE04EC0-301F-11D3-BF4B-00C04F79EFBC}") = "Swivel", "Swivel\Swivel.csproj", "{D3DCAD54-E54F-4F4C-9F4E-F207DB519615}"
EndProject
Project("{FAE04EC0-301F-11D3-BF4B-00C04F79EFBC}") = "LIb", "LIb\LIb.csproj", "{9BC1F2D0-1120-4756-B233-BC4CE17C7F8F}"
EndProject
Project("{FAE04EC0-301F-11D3-BF4B-00C04F79EFBC}") = "SwivelEditor", "SwivelEditor\SwivelEditor.csproj", "{5C8E67FB-60F1-4A10-AB51-5B1255378A2E}"
EndProject
Project("{FAE04EC0-301F-11D3-BF4B-00C04F79EFBC}") = "Test", "Test\Test.csproj", "{F7644E4E-CD93-42EF-A9B3-FF70329BC597}"
EndProject
Global
	GlobalSection(SolutionConfigurationPlatforms) = preSolution
		Debug|Any CPU = Debug|Any CPU
		Release|Any CPU = Release|Any CPU
	EndGlobalSection
	GlobalSection(ProjectConfigurationPlatforms) = postSolution
		{D3DCAD54-E54F-4F4C-9F4E-F207DB519615}.Debug|Any CPU.ActiveCfg = Debug|Any CPU
		{D3DCAD54-E54F-4F4C-9F4E-F207DB519615}.Debug|Any CPU.Build.0 = Debug|Any CPU
		{D3DCAD54-E54F-4F4C-9F4E-F207DB519615}.Release|Any CPU.ActiveCfg = Release|Any CPU
		{D3DCAD54-E54F-4F4C-9F4E-F207DB519615}.Release|Any CPU.Build.0 = Release|Any CPU
		{9BC1F2D0-1120-4756-B233-BC4CE17C7F8F}.Debug|Any CPU.ActiveCfg = Debug|Any CPU
		{9BC1F2D0-1120-4756-B233-BC4CE17C7F8F}.Debug|Any CPU.Build.0 = Debug|Any CPU
		{9BC1F2D0-1120-4756-B233-BC4CE17C7F8F}.Release|Any CPU.ActiveCfg = Release|Any CPU
		{9BC1F2D0-1120-4756-B233-BC4CE17C7F8F}.Release|Any CPU.Build.0 = Release|Any CPU
		{5C8E67FB-60F1-4A10-AB51-5B1255378A2E}.Debug|Any CPU.ActiveCfg = Debug|Any CPU
		{5C8E67FB-60F1-4A10-AB51-5B1255378A2E}.Debug|Any CPU.Build.0 = Debug|Any CPU
		{5C8E67FB-60F1-4A10-AB51-5B1255378A2E}.Release|Any CPU.ActiveCfg = Release|Any CPU
		{5C8E67FB-60F1-4A10-AB51-5B1255378A2E}.Release|Any CPU.Build.0 = Release|Any CPU
		{F7644E4E-CD93-42EF-A9B3-FF70329BC597}.Debug|Any CPU.ActiveCfg = Debug|Any CPU
		{F7644E4E-CD93-42EF-A9B3-FF70329BC597}.Debug|Any CPU.Build.0 = Debug|Any CPU
		{F7644E4E-CD93-42EF-A9B3-FF70329BC597}.Release|Any CPU.ActiveCfg = Release|Any CPU
		{F7644E4E-CD93-42EF-A9B3-FF70329BC597}.Release|Any CPU.Build.0 = Release|Any CPU
	EndGlobalSection
	GlobalSection(SolutionProperties) = preSolution
		HideSolutionNode = FALSE
	EndGlobalSection
	GlobalSection(ExtensibilityGlobals) = postSolution
		SolutionGuid = {F6A28801-F6BC-4366-92DB-FCCA72BF5119}
	EndGlobalSection
EndGlobal
